
Microsoft Visual Studio Solution File, Format Version 12.00
# Visual Studio Version 17
VisualStudioVersion = 17.13.35931.197 d17.13
MinimumVisualStudioVersion = 10.0.40219.1
Project("{FAE04EC0-301F-11D3-BF4B-00C04F79EFBC}") = "WarehouseMangementSystem.Web", "WarehouseMangementSystem.Web.csproj", "{F7F7387C-AB4E-41BD-84F6-428AE1BD8A04}"
EndProject
Project("{FAE04EC0-301F-11D3-BF4B-00C04F79EFBC}") = "WarehouseManagementSystem.Domain", "..\WarehouseManagementSystem.Domain\WarehouseManagementSystem.Domain.csproj", "{36D2AFCC-4871-4927-A14D-7E9232C66BBF}"
EndProject
Project("{FAE04EC0-301F-11D3-BF4B-00C04F79EFBC}") = "WarehouseManagementSystem.Application", "..\WarehouseManagementSystem.Application\WarehouseManagementSystem.Application.csproj", "{3904AAF4-7A56-4B80-9767-31033A262FD6}"
EndProject
Project("{FAE04EC0-301F-11D3-BF4B-00C04F79EFBC}") = "WarehouseManagementSystem.Persistence", "..\WarehouseManagementSystem.Persistence\WarehouseManagementSystem.Persistence.csproj", "{797F82B6-4099-457B-90F2-36E4B3DB05C5}"
EndProject
Global
	GlobalSection(SolutionConfigurationPlatforms) = preSolution
		Debug|Any CPU = Debug|Any CPU
		Release|Any CPU = Release|Any CPU
	EndGlobalSection
	GlobalSection(ProjectConfigurationPlatforms) = postSolution
		{F7F7387C-AB4E-41BD-84F6-428AE1BD8A04}.Debug|Any CPU.ActiveCfg = Debug|Any CPU
		{F7F7387C-AB4E-41BD-84F6-428AE1BD8A04}.Debug|Any CPU.Build.0 = Debug|Any CPU
		{F7F7387C-AB4E-41BD-84F6-428AE1BD8A04}.Release|Any CPU.ActiveCfg = Release|Any CPU
		{F7F7387C-AB4E-41BD-84F6-428AE1BD8A04}.Release|Any CPU.Build.0 = Release|Any CPU
		{36D2AFCC-4871-4927-A14D-7E9232C66BBF}.Debug|Any CPU.ActiveCfg = Debug|Any CPU
		{36D2AFCC-4871-4927-A14D-7E9232C66BBF}.Debug|Any CPU.Build.0 = Debug|Any CPU
		{36D2AFCC-4871-4927-A14D-7E9232C66BBF}.Release|Any CPU.ActiveCfg = Release|Any CPU
		{36D2AFCC-4871-4927-A14D-7E9232C66BBF}.Release|Any CPU.Build.0 = Release|Any CPU
		{3904AAF4-7A56-4B80-9767-31033A262FD6}.Debug|Any CPU.ActiveCfg = Debug|Any CPU
		{3904AAF4-7A56-4B80-9767-31033A262FD6}.Debug|Any CPU.Build.0 = Debug|Any CPU
		{3904AAF4-7A56-4B80-9767-31033A262FD6}.Release|Any CPU.ActiveCfg = Release|Any CPU
		{3904AAF4-7A56-4B80-9767-31033A262FD6}.Release|Any CPU.Build.0 = Release|Any CPU
		{797F82B6-4099-457B-90F2-36E4B3DB05C5}.Debug|Any CPU.ActiveCfg = Debug|Any CPU
		{797F82B6-4099-457B-90F2-36E4B3DB05C5}.Debug|Any CPU.Build.0 = Debug|Any CPU
		{797F82B6-4099-457B-90F2-36E4B3DB05C5}.Release|Any CPU.ActiveCfg = Release|Any CPU
		{797F82B6-4099-457B-90F2-36E4B3DB05C5}.Release|Any CPU.Build.0 = Release|Any CPU
	EndGlobalSection
	GlobalSection(SolutionProperties) = preSolution
		HideSolutionNode = FALSE
	EndGlobalSection
	GlobalSection(ExtensibilityGlobals) = postSolution
		SolutionGuid = {74E270E9-47B2-47E2-A78E-B7C800CC32BC}
	EndGlobalSection
EndGlobal
